
Microsoft Visual Studio Solution File, Format Version 12.00
# Visual Studio 15
VisualStudioVersion = 15.0.27703.2035
MinimumVisualStudioVersion = 10.0.40219.1
Project("{FAE04EC0-301F-11D3-BF4B-00C04F79EFBC}") = "BlackJack", "BlackJack\BlackJack.csproj", "{C5E67A98-8173-4D5B-B06E-1791F3A0683B}"
EndProject
Global
	GlobalSection(SolutionConfigurationPlatforms) = preSolution
		Debug|Any CPU = Debug|Any CPU
		Release|Any CPU = Release|Any CPU
	EndGlobalSection
	GlobalSection(ProjectConfigurationPlatforms) = postSolution
		{C5E67A98-8173-4D5B-B06E-1791F3A0683B}.Debug|Any CPU.ActiveCfg = Debug|Any CPU
		{C5E67A98-8173-4D5B-B06E-1791F3A0683B}.Debug|Any CPU.Build.0 = Debug|Any CPU
		{C5E67A98-8173-4D5B-B06E-1791F3A0683B}.Release|Any CPU.ActiveCfg = Release|Any CPU
		{C5E67A98-8173-4D5B-B06E-1791F3A0683B}.Release|Any CPU.Build.0 = Release|Any CPU
	EndGlobalSection
	GlobalSection(SolutionProperties) = preSolution
		HideSolutionNode = FALSE
	EndGlobalSection
	GlobalSection(ExtensibilityGlobals) = postSolution
		SolutionGuid = {87C80EC3-01E0-467E-A81E-20D5366E2F49}
	EndGlobalSection
EndGlobal
